// !$*UTF8*$!
{
	archiveVersion = 1;
	classes = {
	};
	objectVersion = 56;
	objects = {

/* Begin PBXBuildFile section */
		E827DFC62A1912FA00AA107B /* AppDelegate.swift in Sources */ = {isa = PBXBuildFile; fileRef = E827DFC52A1912FA00AA107B /* AppDelegate.swift */; };
		E827DFC82A1912FA00AA107B /* SceneDelegate.swift in Sources */ = {isa = PBXBuildFile; fileRef = E827DFC72A1912FA00AA107B /* SceneDelegate.swift */; };
		E827DFCA2A1912FA00AA107B /* ViewController.swift in Sources */ = {isa = PBXBuildFile; fileRef = E827DFC92A1912FA00AA107B /* ViewController.swift */; };
		E827DFCF2A1912FC00AA107B /* Assets.xcassets in Resources */ = {isa = PBXBuildFile; fileRef = E827DFCE2A1912FC00AA107B /* Assets.xcassets */; };
		E827DFD22A1912FC00AA107B /* LaunchScreen.storyboard in Resources */ = {isa = PBXBuildFile; fileRef = E827DFD02A1912FC00AA107B /* LaunchScreen.storyboard */; };
		E827E1212A1919B000AA107B /* NunitoSans.ttf in Resources */ = {isa = PBXBuildFile; fileRef = E827E07D2A1919AF00AA107B /* NunitoSans.ttf */; };
		E827E1252A1936E200AA107B /* WeatherCell.swift in Sources */ = {isa = PBXBuildFile; fileRef = E827E1242A1936E200AA107B /* WeatherCell.swift */; };
		E827E1272A19370A00AA107B /* WeatherCellViewModel.swift in Sources */ = {isa = PBXBuildFile; fileRef = E827E1262A19370A00AA107B /* WeatherCellViewModel.swift */; };
		E827E1292A19372400AA107B /* WeatherViewController.swift in Sources */ = {isa = PBXBuildFile; fileRef = E827E1282A19372400AA107B /* WeatherViewController.swift */; };
		E827E12F2A1A543A00AA107B /* UIFont+NunitoSansType.swift in Sources */ = {isa = PBXBuildFile; fileRef = E827E12E2A1A543A00AA107B /* UIFont+NunitoSansType.swift */; };
		E827E1312A1A554B00AA107B /* NunitoSans-Italic.ttf in Resources */ = {isa = PBXBuildFile; fileRef = E827E1302A1A554B00AA107B /* NunitoSans-Italic.ttf */; };
		E827E1352A1B249E00AA107B /* Colors.swift in Sources */ = {isa = PBXBuildFile; fileRef = E827E1342A1B249E00AA107B /* Colors.swift */; };
		E827E1372A1B252A00AA107B /* UIColor+Hex.swift in Sources */ = {isa = PBXBuildFile; fileRef = E827E1362A1B252A00AA107B /* UIColor+Hex.swift */; };
		E827E1392A1B38EC00AA107B /* CurrentWeatherViewController.swift in Sources */ = {isa = PBXBuildFile; fileRef = E827E1382A1B38EC00AA107B /* CurrentWeatherViewController.swift */; };
		E827E13B2A1B3DFA00AA107B /* CurrentWeatherCell.swift in Sources */ = {isa = PBXBuildFile; fileRef = E827E13A2A1B3DFA00AA107B /* CurrentWeatherCell.swift */; };
		E827E1402A1B42AD00AA107B /* CurrentWeatherCellViewModel.swift in Sources */ = {isa = PBXBuildFile; fileRef = E827E13F2A1B42AD00AA107B /* CurrentWeatherCellViewModel.swift */; };
		E827E1422A1B846100AA107B /* UIViewController+Child.swift in Sources */ = {isa = PBXBuildFile; fileRef = E827E1412A1B846100AA107B /* UIViewController+Child.swift */; };
		E827E1442A1BC13400AA107B /* MetricsViewController.swift in Sources */ = {isa = PBXBuildFile; fileRef = E827E1432A1BC13400AA107B /* MetricsViewController.swift */; };
		E827E1462A1BCA0E00AA107B /* MetricCollectionViewCell.swift in Sources */ = {isa = PBXBuildFile; fileRef = E827E1452A1BCA0E00AA107B /* MetricCollectionViewCell.swift */; };
		E827E1482A1BD35600AA107B /* UIView+Reusable.swift in Sources */ = {isa = PBXBuildFile; fileRef = E827E1472A1BD35600AA107B /* UIView+Reusable.swift */; };
		E827E14A2A1BD64B00AA107B /* MetricViewModel.swift in Sources */ = {isa = PBXBuildFile; fileRef = E827E1492A1BD64B00AA107B /* MetricViewModel.swift */; };
		E827E14C2A1CAD8E00AA107B /* TestView.xib in Resources */ = {isa = PBXBuildFile; fileRef = E827E14B2A1CAD8E00AA107B /* TestView.xib */; };
		E827E1512A1F14BD00AA107B /* LocationService.swift in Sources */ = {isa = PBXBuildFile; fileRef = E827E1502A1F14BD00AA107B /* LocationService.swift */; };
		E827E1542A1F155700AA107B /* RxCocoa in Frameworks */ = {isa = PBXBuildFile; productRef = E827E1532A1F155700AA107B /* RxCocoa */; };
		E827E1562A1F155700AA107B /* RxRelay in Frameworks */ = {isa = PBXBuildFile; productRef = E827E1552A1F155700AA107B /* RxRelay */; };
		E827E1582A1F155800AA107B /* RxSwift in Frameworks */ = {isa = PBXBuildFile; productRef = E827E1572A1F155800AA107B /* RxSwift */; };
		E827E15A2A1F657000AA107B /* NetworkService.swift in Sources */ = {isa = PBXBuildFile; fileRef = E827E1592A1F657000AA107B /* NetworkService.swift */; };
		E827E15C2A1F7A1700AA107B /* Weather.swift in Sources */ = {isa = PBXBuildFile; fileRef = E827E15B2A1F7A1700AA107B /* Weather.swift */; };
		E8B27A962A2091EA00A8860B /* CurrentWeather.swift in Sources */ = {isa = PBXBuildFile; fileRef = E8B27A952A2091EA00A8860B /* CurrentWeather.swift */; };
		E8B27A982A209CB400A8860B /* URL+QueryItems.swift in Sources */ = {isa = PBXBuildFile; fileRef = E8B27A972A209CB400A8860B /* URL+QueryItems.swift */; };
		E8B27A9A2A20A0CF00A8860B /* Location.swift in Sources */ = {isa = PBXBuildFile; fileRef = E8B27A992A20A0CF00A8860B /* Location.swift */; };
		E8B27A9D2A20A74B00A8860B /* Configuration.swift in Sources */ = {isa = PBXBuildFile; fileRef = E8B27A9C2A20A74B00A8860B /* Configuration.swift */; };
		E8B27A9F2A20AE4500A8860B /* CurrentWetherViewModel.swift in Sources */ = {isa = PBXBuildFile; fileRef = E8B27A9E2A20AE4500A8860B /* CurrentWetherViewModel.swift */; };
		E8B27AA12A20B43600A8860B /* ForecastViewModel.swift in Sources */ = {isa = PBXBuildFile; fileRef = E8B27AA02A20B43600A8860B /* ForecastViewModel.swift */; };
		E8B27AA42A20CCD900A8860B /* Nuke in Frameworks */ = {isa = PBXBuildFile; productRef = E8B27AA32A20CCD900A8860B /* Nuke */; };
		E8B27AA62A20D41300A8860B /* Nuke+Rx.swift in Sources */ = {isa = PBXBuildFile; fileRef = E8B27AA52A20D41300A8860B /* Nuke+Rx.swift */; };
		E8B27AA82A21C2EC00A8860B /* DateFormatHelper.swift in Sources */ = {isa = PBXBuildFile; fileRef = E8B27AA72A21C2EC00A8860B /* DateFormatHelper.swift */; };
		E8B27AAB2A21C56D00A8860B /* ViewModelType.swift in Sources */ = {isa = PBXBuildFile; fileRef = E8B27AAA2A21C56D00A8860B /* ViewModelType.swift */; };
		E8B27AAD2A21D4FF00A8860B /* UIViewController+Reactive.swift in Sources */ = {isa = PBXBuildFile; fileRef = E8B27AAC2A21D4FF00A8860B /* UIViewController+Reactive.swift */; };
		E8B27AAF2A21DE4700A8860B /* HourlyForecastContainer.swift in Sources */ = {isa = PBXBuildFile; fileRef = E8B27AAE2A21DE4700A8860B /* HourlyForecastContainer.swift */; };
/* End PBXBuildFile section */

/* Begin PBXFileReference section */
		E827DFC22A1912FA00AA107B /* RxWeather.app */ = {isa = PBXFileReference; explicitFileType = wrapper.application; includeInIndex = 0; path = RxWeather.app; sourceTree = BUILT_PRODUCTS_DIR; };
		E827DFC52A1912FA00AA107B /* AppDelegate.swift */ = {isa = PBXFileReference; lastKnownFileType = sourcecode.swift; path = AppDelegate.swift; sourceTree = "<group>"; };
		E827DFC72A1912FA00AA107B /* SceneDelegate.swift */ = {isa = PBXFileReference; lastKnownFileType = sourcecode.swift; path = SceneDelegate.swift; sourceTree = "<group>"; };
		E827DFC92A1912FA00AA107B /* ViewController.swift */ = {isa = PBXFileReference; lastKnownFileType = sourcecode.swift; path = ViewController.swift; sourceTree = "<group>"; };
		E827DFCE2A1912FC00AA107B /* Assets.xcassets */ = {isa = PBXFileReference; lastKnownFileType = folder.assetcatalog; path = Assets.xcassets; sourceTree = "<group>"; };
		E827DFD12A1912FC00AA107B /* Base */ = {isa = PBXFileReference; lastKnownFileType = file.storyboard; name = Base; path = Base.lproj/LaunchScreen.storyboard; sourceTree = "<group>"; };
		E827DFD32A1912FC00AA107B /* Info.plist */ = {isa = PBXFileReference; lastKnownFileType = text.plist.xml; path = Info.plist; sourceTree = "<group>"; };
		E827E07D2A1919AF00AA107B /* NunitoSans.ttf */ = {isa = PBXFileReference; lastKnownFileType = file; path = NunitoSans.ttf; sourceTree = "<group>"; };
		E827E1242A1936E200AA107B /* WeatherCell.swift */ = {isa = PBXFileReference; lastKnownFileType = sourcecode.swift; path = WeatherCell.swift; sourceTree = "<group>"; };
		E827E1262A19370A00AA107B /* WeatherCellViewModel.swift */ = {isa = PBXFileReference; lastKnownFileType = sourcecode.swift; path = WeatherCellViewModel.swift; sourceTree = "<group>"; };
		E827E1282A19372400AA107B /* WeatherViewController.swift */ = {isa = PBXFileReference; lastKnownFileType = sourcecode.swift; path = WeatherViewController.swift; sourceTree = "<group>"; };
		E827E12E2A1A543A00AA107B /* UIFont+NunitoSansType.swift */ = {isa = PBXFileReference; lastKnownFileType = sourcecode.swift; path = "UIFont+NunitoSansType.swift"; sourceTree = "<group>"; };
		E827E1302A1A554B00AA107B /* NunitoSans-Italic.ttf */ = {isa = PBXFileReference; lastKnownFileType = file; path = "NunitoSans-Italic.ttf"; sourceTree = "<group>"; };
		E827E1342A1B249E00AA107B /* Colors.swift */ = {isa = PBXFileReference; lastKnownFileType = sourcecode.swift; path = Colors.swift; sourceTree = "<group>"; };
		E827E1362A1B252A00AA107B /* UIColor+Hex.swift */ = {isa = PBXFileReference; lastKnownFileType = sourcecode.swift; path = "UIColor+Hex.swift"; sourceTree = "<group>"; };
		E827E1382A1B38EC00AA107B /* CurrentWeatherViewController.swift */ = {isa = PBXFileReference; lastKnownFileType = sourcecode.swift; path = CurrentWeatherViewController.swift; sourceTree = "<group>"; };
		E827E13A2A1B3DFA00AA107B /* CurrentWeatherCell.swift */ = {isa = PBXFileReference; lastKnownFileType = sourcecode.swift; path = CurrentWeatherCell.swift; sourceTree = "<group>"; };
		E827E13F2A1B42AD00AA107B /* CurrentWeatherCellViewModel.swift */ = {isa = PBXFileReference; lastKnownFileType = sourcecode.swift; path = CurrentWeatherCellViewModel.swift; sourceTree = "<group>"; };
		E827E1412A1B846100AA107B /* UIViewController+Child.swift */ = {isa = PBXFileReference; lastKnownFileType = sourcecode.swift; path = "UIViewController+Child.swift"; sourceTree = "<group>"; };
		E827E1432A1BC13400AA107B /* MetricsViewController.swift */ = {isa = PBXFileReference; lastKnownFileType = sourcecode.swift; path = MetricsViewController.swift; sourceTree = "<group>"; };
		E827E1452A1BCA0E00AA107B /* MetricCollectionViewCell.swift */ = {isa = PBXFileReference; lastKnownFileType = sourcecode.swift; path = MetricCollectionViewCell.swift; sourceTree = "<group>"; };
		E827E1472A1BD35600AA107B /* UIView+Reusable.swift */ = {isa = PBXFileReference; lastKnownFileType = sourcecode.swift; path = "UIView+Reusable.swift"; sourceTree = "<group>"; };
		E827E1492A1BD64B00AA107B /* MetricViewModel.swift */ = {isa = PBXFileReference; lastKnownFileType = sourcecode.swift; path = MetricViewModel.swift; sourceTree = "<group>"; };
		E827E14B2A1CAD8E00AA107B /* TestView.xib */ = {isa = PBXFileReference; lastKnownFileType = file.xib; path = TestView.xib; sourceTree = "<group>"; };
		E827E1502A1F14BD00AA107B /* LocationService.swift */ = {isa = PBXFileReference; lastKnownFileType = sourcecode.swift; path = LocationService.swift; sourceTree = "<group>"; };
		E827E1592A1F657000AA107B /* NetworkService.swift */ = {isa = PBXFileReference; lastKnownFileType = sourcecode.swift; path = NetworkService.swift; sourceTree = "<group>"; };
		E827E15B2A1F7A1700AA107B /* Weather.swift */ = {isa = PBXFileReference; lastKnownFileType = sourcecode.swift; path = Weather.swift; sourceTree = "<group>"; };
		E8B27A952A2091EA00A8860B /* CurrentWeather.swift */ = {isa = PBXFileReference; lastKnownFileType = sourcecode.swift; path = CurrentWeather.swift; sourceTree = "<group>"; };
		E8B27A972A209CB400A8860B /* URL+QueryItems.swift */ = {isa = PBXFileReference; lastKnownFileType = sourcecode.swift; path = "URL+QueryItems.swift"; sourceTree = "<group>"; };
		E8B27A992A20A0CF00A8860B /* Location.swift */ = {isa = PBXFileReference; lastKnownFileType = sourcecode.swift; path = Location.swift; sourceTree = "<group>"; };
		E8B27A9B2A20A5AA00A8860B /* Config.xcconfig */ = {isa = PBXFileReference; lastKnownFileType = text.xcconfig; path = Config.xcconfig; sourceTree = "<group>"; };
		E8B27A9C2A20A74B00A8860B /* Configuration.swift */ = {isa = PBXFileReference; lastKnownFileType = sourcecode.swift; path = Configuration.swift; sourceTree = "<group>"; };
		E8B27A9E2A20AE4500A8860B /* CurrentWetherViewModel.swift */ = {isa = PBXFileReference; lastKnownFileType = sourcecode.swift; path = CurrentWetherViewModel.swift; sourceTree = "<group>"; };
		E8B27AA02A20B43600A8860B /* ForecastViewModel.swift */ = {isa = PBXFileReference; lastKnownFileType = sourcecode.swift; path = ForecastViewModel.swift; sourceTree = "<group>"; };
		E8B27AA52A20D41300A8860B /* Nuke+Rx.swift */ = {isa = PBXFileReference; lastKnownFileType = sourcecode.swift; path = "Nuke+Rx.swift"; sourceTree = "<group>"; };
		E8B27AA72A21C2EC00A8860B /* DateFormatHelper.swift */ = {isa = PBXFileReference; lastKnownFileType = sourcecode.swift; path = DateFormatHelper.swift; sourceTree = "<group>"; };
		E8B27AAA2A21C56D00A8860B /* ViewModelType.swift */ = {isa = PBXFileReference; lastKnownFileType = sourcecode.swift; path = ViewModelType.swift; sourceTree = "<group>"; };
		E8B27AAC2A21D4FF00A8860B /* UIViewController+Reactive.swift */ = {isa = PBXFileReference; lastKnownFileType = sourcecode.swift; path = "UIViewController+Reactive.swift"; sourceTree = "<group>"; };
		E8B27AAE2A21DE4700A8860B /* HourlyForecastContainer.swift */ = {isa = PBXFileReference; lastKnownFileType = sourcecode.swift; path = HourlyForecastContainer.swift; sourceTree = "<group>"; };
/* End PBXFileReference section */

/* Begin PBXFrameworksBuildPhase section */
		E827DFBF2A1912FA00AA107B /* Frameworks */ = {
			isa = PBXFrameworksBuildPhase;
			buildActionMask = 2147483647;
			files = (
				E827E1582A1F155800AA107B /* RxSwift in Frameworks */,
				E827E1562A1F155700AA107B /* RxRelay in Frameworks */,
				E827E1542A1F155700AA107B /* RxCocoa in Frameworks */,
				E8B27AA42A20CCD900A8860B /* Nuke in Frameworks */,
			);
			runOnlyForDeploymentPostprocessing = 0;
		};
/* End PBXFrameworksBuildPhase section */

/* Begin PBXGroup section */
		E827DFB92A1912FA00AA107B = {
			isa = PBXGroup;
			children = (
				E827DFC42A1912FA00AA107B /* RxWeather */,
				E827DFC32A1912FA00AA107B /* Products */,
			);
			sourceTree = "<group>";
		};
		E827DFC32A1912FA00AA107B /* Products */ = {
			isa = PBXGroup;
			children = (
				E827DFC22A1912FA00AA107B /* RxWeather.app */,
			);
			name = Products;
			sourceTree = "<group>";
		};
		E827DFC42A1912FA00AA107B /* RxWeather */ = {
			isa = PBXGroup;
			children = (
				E8B27AA92A21C55E00A8860B /* Protocols */,
				E827E14F2A1F14AF00AA107B /* Services */,
				E827E1332A1B248F00AA107B /* Helpers */,
				E827E12D2A19374E00AA107B /* Model */,
				E827E12C2A19374900AA107B /* View */,
				E827E12B2A19374200AA107B /* ViewModel */,
				E827E12A2A19372F00AA107B /* WeatherCell */,
				E827DFC52A1912FA00AA107B /* AppDelegate.swift */,
				E827DFC72A1912FA00AA107B /* SceneDelegate.swift */,
				E827DFC92A1912FA00AA107B /* ViewController.swift */,
				E827E1232A1919E700AA107B /* Fonts */,
				E827DFCE2A1912FC00AA107B /* Assets.xcassets */,
				E827DFD02A1912FC00AA107B /* LaunchScreen.storyboard */,
				E827DFD32A1912FC00AA107B /* Info.plist */,
				E8B27A9B2A20A5AA00A8860B /* Config.xcconfig */,
			);
			path = RxWeather;
			sourceTree = "<group>";
		};
		E827DFD92A1919AE00AA107B /* Nunito_Sans */ = {
			isa = PBXGroup;
			children = (
				E827E1302A1A554B00AA107B /* NunitoSans-Italic.ttf */,
				E827E07D2A1919AF00AA107B /* NunitoSans.ttf */,
			);
			path = Nunito_Sans;
			sourceTree = "<group>";
		};
		E827E1232A1919E700AA107B /* Fonts */ = {
			isa = PBXGroup;
			children = (
				E827DFD92A1919AE00AA107B /* Nunito_Sans */,
				E827E12E2A1A543A00AA107B /* UIFont+NunitoSansType.swift */,
			);
			path = Fonts;
			sourceTree = "<group>";
		};
		E827E12A2A19372F00AA107B /* WeatherCell */ = {
			isa = PBXGroup;
			children = (
				E827E14B2A1CAD8E00AA107B /* TestView.xib */,
			);
			path = WeatherCell;
			sourceTree = "<group>";
		};
		E827E12B2A19374200AA107B /* ViewModel */ = {
			isa = PBXGroup;
			children = (
				E827E1262A19370A00AA107B /* WeatherCellViewModel.swift */,
				E827E1492A1BD64B00AA107B /* MetricViewModel.swift */,
				E827E13F2A1B42AD00AA107B /* CurrentWeatherCellViewModel.swift */,
				E8B27A9E2A20AE4500A8860B /* CurrentWetherViewModel.swift */,
				E8B27AA02A20B43600A8860B /* ForecastViewModel.swift */,
			);
			path = ViewModel;
			sourceTree = "<group>";
		};
		E827E12C2A19374900AA107B /* View */ = {
			isa = PBXGroup;
			children = (
				E827E13A2A1B3DFA00AA107B /* CurrentWeatherCell.swift */,
				E827E1382A1B38EC00AA107B /* CurrentWeatherViewController.swift */,
				E827E1282A19372400AA107B /* WeatherViewController.swift */,
				E827E1242A1936E200AA107B /* WeatherCell.swift */,
				E827E1432A1BC13400AA107B /* MetricsViewController.swift */,
				E827E1452A1BCA0E00AA107B /* MetricCollectionViewCell.swift */,
			);
			path = View;
			sourceTree = "<group>";
		};
		E827E12D2A19374E00AA107B /* Model */ = {
			isa = PBXGroup;
			children = (
				E827E15B2A1F7A1700AA107B /* Weather.swift */,
				E8B27A952A2091EA00A8860B /* CurrentWeather.swift */,
				E8B27A992A20A0CF00A8860B /* Location.swift */,
				E8B27AAE2A21DE4700A8860B /* HourlyForecastContainer.swift */,
			);
			path = Model;
			sourceTree = "<group>";
		};
		E827E1332A1B248F00AA107B /* Helpers */ = {
			isa = PBXGroup;
			children = (
				E827E1342A1B249E00AA107B /* Colors.swift */,
				E827E1362A1B252A00AA107B /* UIColor+Hex.swift */,
				E827E1412A1B846100AA107B /* UIViewController+Child.swift */,
				E827E1472A1BD35600AA107B /* UIView+Reusable.swift */,
				E8B27A972A209CB400A8860B /* URL+QueryItems.swift */,
				E8B27A9C2A20A74B00A8860B /* Configuration.swift */,
				E8B27AA52A20D41300A8860B /* Nuke+Rx.swift */,
				E8B27AA72A21C2EC00A8860B /* DateFormatHelper.swift */,
				E8B27AAC2A21D4FF00A8860B /* UIViewController+Reactive.swift */,
			);
			path = Helpers;
			sourceTree = "<group>";
		};
		E827E14F2A1F14AF00AA107B /* Services */ = {
			isa = PBXGroup;
			children = (
				E827E1502A1F14BD00AA107B /* LocationService.swift */,
				E827E1592A1F657000AA107B /* NetworkService.swift */,
			);
			path = Services;
			sourceTree = "<group>";
		};
		E8B27AA92A21C55E00A8860B /* Protocols */ = {
			isa = PBXGroup;
			children = (
				E8B27AAA2A21C56D00A8860B /* ViewModelType.swift */,
			);
			path = Protocols;
			sourceTree = "<group>";
		};
/* End PBXGroup section */

/* Begin PBXNativeTarget section */
		E827DFC12A1912FA00AA107B /* RxWeather */ = {
			isa = PBXNativeTarget;
			buildConfigurationList = E827DFD62A1912FC00AA107B /* Build configuration list for PBXNativeTarget "RxWeather" */;
			buildPhases = (
				E827DFBE2A1912FA00AA107B /* Sources */,
				E827DFBF2A1912FA00AA107B /* Frameworks */,
				E827DFC02A1912FA00AA107B /* Resources */,
			);
			buildRules = (
			);
			dependencies = (
			);
			name = RxWeather;
			packageProductDependencies = (
				E827E1532A1F155700AA107B /* RxCocoa */,
				E827E1552A1F155700AA107B /* RxRelay */,
				E827E1572A1F155800AA107B /* RxSwift */,
				E8B27AA32A20CCD900A8860B /* Nuke */,
			);
			productName = RxWeather;
			productReference = E827DFC22A1912FA00AA107B /* RxWeather.app */;
			productType = "com.apple.product-type.application";
		};
/* End PBXNativeTarget section */

/* Begin PBXProject section */
		E827DFBA2A1912FA00AA107B /* Project object */ = {
			isa = PBXProject;
			attributes = {
				BuildIndependentTargetsInParallel = 1;
				LastSwiftUpdateCheck = 1430;
				LastUpgradeCheck = 1430;
				TargetAttributes = {
					E827DFC12A1912FA00AA107B = {
						CreatedOnToolsVersion = 14.3;
					};
				};
			};
			buildConfigurationList = E827DFBD2A1912FA00AA107B /* Build configuration list for PBXProject "RxWeather" */;
			compatibilityVersion = "Xcode 14.0";
			developmentRegion = en;
			hasScannedForEncodings = 0;
			knownRegions = (
				en,
				Base,
			);
			mainGroup = E827DFB92A1912FA00AA107B;
			packageReferences = (
				E827E1522A1F155700AA107B /* XCRemoteSwiftPackageReference "RxSwift" */,
				E8B27AA22A20CCD900A8860B /* XCRemoteSwiftPackageReference "Nuke" */,
			);
			productRefGroup = E827DFC32A1912FA00AA107B /* Products */;
			projectDirPath = "";
			projectRoot = "";
			targets = (
				E827DFC12A1912FA00AA107B /* RxWeather */,
			);
		};
/* End PBXProject section */

/* Begin PBXResourcesBuildPhase section */
		E827DFC02A1912FA00AA107B /* Resources */ = {
			isa = PBXResourcesBuildPhase;
			buildActionMask = 2147483647;
			files = (
				E827E1212A1919B000AA107B /* NunitoSans.ttf in Resources */,
				E827E1312A1A554B00AA107B /* NunitoSans-Italic.ttf in Resources */,
				E827DFD22A1912FC00AA107B /* LaunchScreen.storyboard in Resources */,
				E827E14C2A1CAD8E00AA107B /* TestView.xib in Resources */,
				E827DFCF2A1912FC00AA107B /* Assets.xcassets in Resources */,
			);
			runOnlyForDeploymentPostprocessing = 0;
		};
/* End PBXResourcesBuildPhase section */

/* Begin PBXSourcesBuildPhase section */
		E827DFBE2A1912FA00AA107B /* Sources */ = {
			isa = PBXSourcesBuildPhase;
			buildActionMask = 2147483647;
			files = (
				E827E1252A1936E200AA107B /* WeatherCell.swift in Sources */,
				E827E1482A1BD35600AA107B /* UIView+Reusable.swift in Sources */,
				E827E1442A1BC13400AA107B /* MetricsViewController.swift in Sources */,
				E8B27AAD2A21D4FF00A8860B /* UIViewController+Reactive.swift in Sources */,
				E827E1392A1B38EC00AA107B /* CurrentWeatherViewController.swift in Sources */,
				E827E15C2A1F7A1700AA107B /* Weather.swift in Sources */,
				E827E13B2A1B3DFA00AA107B /* CurrentWeatherCell.swift in Sources */,
				E8B27AAB2A21C56D00A8860B /* ViewModelType.swift in Sources */,
				E8B27A9D2A20A74B00A8860B /* Configuration.swift in Sources */,
				E827E1352A1B249E00AA107B /* Colors.swift in Sources */,
				E8B27A9F2A20AE4500A8860B /* CurrentWetherViewModel.swift in Sources */,
				E827E1292A19372400AA107B /* WeatherViewController.swift in Sources */,
				E8B27AA62A20D41300A8860B /* Nuke+Rx.swift in Sources */,
				E827E1402A1B42AD00AA107B /* CurrentWeatherCellViewModel.swift in Sources */,
				E8B27A982A209CB400A8860B /* URL+QueryItems.swift in Sources */,
				E827E1372A1B252A00AA107B /* UIColor+Hex.swift in Sources */,
				E8B27AAF2A21DE4700A8860B /* HourlyForecastContainer.swift in Sources */,
				E8B27A962A2091EA00A8860B /* CurrentWeather.swift in Sources */,
				E827DFCA2A1912FA00AA107B /* ViewController.swift in Sources */,
				E827E1422A1B846100AA107B /* UIViewController+Child.swift in Sources */,
				E8B27A9A2A20A0CF00A8860B /* Location.swift in Sources */,
				E827E15A2A1F657000AA107B /* NetworkService.swift in Sources */,
				E827E14A2A1BD64B00AA107B /* MetricViewModel.swift in Sources */,
				E8B27AA82A21C2EC00A8860B /* DateFormatHelper.swift in Sources */,
				E827E1462A1BCA0E00AA107B /* MetricCollectionViewCell.swift in Sources */,
				E827DFC62A1912FA00AA107B /* AppDelegate.swift in Sources */,
				E827E1272A19370A00AA107B /* WeatherCellViewModel.swift in Sources */,
				E827DFC82A1912FA00AA107B /* SceneDelegate.swift in Sources */,
				E8B27AA12A20B43600A8860B /* ForecastViewModel.swift in Sources */,
				E827E1512A1F14BD00AA107B /* LocationService.swift in Sources */,
				E827E12F2A1A543A00AA107B /* UIFont+NunitoSansType.swift in Sources */,
			);
			runOnlyForDeploymentPostprocessing = 0;
		};
/* End PBXSourcesBuildPhase section */

/* Begin PBXVariantGroup section */
		E827DFD02A1912FC00AA107B /* LaunchScreen.storyboard */ = {
			isa = PBXVariantGroup;
			children = (
				E827DFD12A1912FC00AA107B /* Base */,
			);
			name = LaunchScreen.storyboard;
			sourceTree = "<group>";
		};
/* End PBXVariantGroup section */

/* Begin XCBuildConfiguration section */
		E827DFD42A1912FC00AA107B /* Debug */ = {
			isa = XCBuildConfiguration;
			baseConfigurationReference = E8B27A9B2A20A5AA00A8860B /* Config.xcconfig */;
			buildSettings = {
				ALWAYS_SEARCH_USER_PATHS = NO;
				CLANG_ANALYZER_NONNULL = YES;
				CLANG_ANALYZER_NUMBER_OBJECT_CONVERSION = YES_AGGRESSIVE;
				CLANG_CXX_LANGUAGE_STANDARD = "gnu++20";
				CLANG_ENABLE_MODULES = YES;
				CLANG_ENABLE_OBJC_ARC = YES;
				CLANG_ENABLE_OBJC_WEAK = YES;
				CLANG_WARN_BLOCK_CAPTURE_AUTORELEASING = YES;
				CLANG_WARN_BOOL_CONVERSION = YES;
				CLANG_WARN_COMMA = YES;
				CLANG_WARN_CONSTANT_CONVERSION = YES;
				CLANG_WARN_DEPRECATED_OBJC_IMPLEMENTATIONS = YES;
				CLANG_WARN_DIRECT_OBJC_ISA_USAGE = YES_ERROR;
				CLANG_WARN_DOCUMENTATION_COMMENTS = YES;
				CLANG_WARN_EMPTY_BODY = YES;
				CLANG_WARN_ENUM_CONVERSION = YES;
				CLANG_WARN_INFINITE_RECURSION = YES;
				CLANG_WARN_INT_CONVERSION = YES;
				CLANG_WARN_NON_LITERAL_NULL_CONVERSION = YES;
				CLANG_WARN_OBJC_IMPLICIT_RETAIN_SELF = YES;
				CLANG_WARN_OBJC_LITERAL_CONVERSION = YES;
				CLANG_WARN_OBJC_ROOT_CLASS = YES_ERROR;
				CLANG_WARN_QUOTED_INCLUDE_IN_FRAMEWORK_HEADER = YES;
				CLANG_WARN_RANGE_LOOP_ANALYSIS = YES;
				CLANG_WARN_STRICT_PROTOTYPES = YES;
				CLANG_WARN_SUSPICIOUS_MOVE = YES;
				CLANG_WARN_UNGUARDED_AVAILABILITY = YES_AGGRESSIVE;
				CLANG_WARN_UNREACHABLE_CODE = YES;
				CLANG_WARN__DUPLICATE_METHOD_MATCH = YES;
				COPY_PHASE_STRIP = NO;
				DEBUG_INFORMATION_FORMAT = dwarf;
				ENABLE_STRICT_OBJC_MSGSEND = YES;
				ENABLE_TESTABILITY = YES;
				GCC_C_LANGUAGE_STANDARD = gnu11;
				GCC_DYNAMIC_NO_PIC = NO;
				GCC_NO_COMMON_BLOCKS = YES;
				GCC_OPTIMIZATION_LEVEL = 0;
				GCC_PREPROCESSOR_DEFINITIONS = (
					"DEBUG=1",
					"$(inherited)",
				);
				GCC_WARN_64_TO_32_BIT_CONVERSION = YES;
				GCC_WARN_ABOUT_RETURN_TYPE = YES_ERROR;
				GCC_WARN_UNDECLARED_SELECTOR = YES;
				GCC_WARN_UNINITIALIZED_AUTOS = YES_AGGRESSIVE;
				GCC_WARN_UNUSED_FUNCTION = YES;
				GCC_WARN_UNUSED_VARIABLE = YES;
				IPHONEOS_DEPLOYMENT_TARGET = 16.4;
				MTL_ENABLE_DEBUG_INFO = INCLUDE_SOURCE;
				MTL_FAST_MATH = YES;
				ONLY_ACTIVE_ARCH = YES;
				SDKROOT = iphoneos;
				SWIFT_ACTIVE_COMPILATION_CONDITIONS = DEBUG;
				SWIFT_OPTIMIZATION_LEVEL = "-Onone";
			};
			name = Debug;
		};
		E827DFD52A1912FC00AA107B /* Release */ = {
			isa = XCBuildConfiguration;
			baseConfigurationReference = E8B27A9B2A20A5AA00A8860B /* Config.xcconfig */;
			buildSettings = {
				ALWAYS_SEARCH_USER_PATHS = NO;
				CLANG_ANALYZER_NONNULL = YES;
				CLANG_ANALYZER_NUMBER_OBJECT_CONVERSION = YES_AGGRESSIVE;
				CLANG_CXX_LANGUAGE_STANDARD = "gnu++20";
				CLANG_ENABLE_MODULES = YES;
				CLANG_ENABLE_OBJC_ARC = YES;
				CLANG_ENABLE_OBJC_WEAK = YES;
				CLANG_WARN_BLOCK_CAPTURE_AUTORELEASING = YES;
				CLANG_WARN_BOOL_CONVERSION = YES;
				CLANG_WARN_COMMA = YES;
				CLANG_WARN_CONSTANT_CONVERSION = YES;
				CLANG_WARN_DEPRECATED_OBJC_IMPLEMENTATIONS = YES;
				CLANG_WARN_DIRECT_OBJC_ISA_USAGE = YES_ERROR;
				CLANG_WARN_DOCUMENTATION_COMMENTS = YES;
				CLANG_WARN_EMPTY_BODY = YES;
				CLANG_WARN_ENUM_CONVERSION = YES;
				CLANG_WARN_INFINITE_RECURSION = YES;
				CLANG_WARN_INT_CONVERSION = YES;
				CLANG_WARN_NON_LITERAL_NULL_CONVERSION = YES;
				CLANG_WARN_OBJC_IMPLICIT_RETAIN_SELF = YES;
				CLANG_WARN_OBJC_LITERAL_CONVERSION = YES;
				CLANG_WARN_OBJC_ROOT_CLASS = YES_ERROR;
				CLANG_WARN_QUOTED_INCLUDE_IN_FRAMEWORK_HEADER = YES;
				CLANG_WARN_RANGE_LOOP_ANALYSIS = YES;
				CLANG_WARN_STRICT_PROTOTYPES = YES;
				CLANG_WARN_SUSPICIOUS_MOVE = YES;
				CLANG_WARN_UNGUARDED_AVAILABILITY = YES_AGGRESSIVE;
				CLANG_WARN_UNREACHABLE_CODE = YES;
				CLANG_WARN__DUPLICATE_METHOD_MATCH = YES;
				COPY_PHASE_STRIP = NO;
				DEBUG_INFORMATION_FORMAT = "dwarf-with-dsym";
				ENABLE_NS_ASSERTIONS = NO;
				ENABLE_STRICT_OBJC_MSGSEND = YES;
				GCC_C_LANGUAGE_STANDARD = gnu11;
				GCC_NO_COMMON_BLOCKS = YES;
				GCC_WARN_64_TO_32_BIT_CONVERSION = YES;
				GCC_WARN_ABOUT_RETURN_TYPE = YES_ERROR;
				GCC_WARN_UNDECLARED_SELECTOR = YES;
				GCC_WARN_UNINITIALIZED_AUTOS = YES_AGGRESSIVE;
				GCC_WARN_UNUSED_FUNCTION = YES;
				GCC_WARN_UNUSED_VARIABLE = YES;
				IPHONEOS_DEPLOYMENT_TARGET = 16.4;
				MTL_ENABLE_DEBUG_INFO = NO;
				MTL_FAST_MATH = YES;
				SDKROOT = iphoneos;
				SWIFT_COMPILATION_MODE = wholemodule;
				SWIFT_OPTIMIZATION_LEVEL = "-O";
				VALIDATE_PRODUCT = YES;
			};
			name = Release;
		};
		E827DFD72A1912FC00AA107B /* Debug */ = {
			isa = XCBuildConfiguration;
			buildSettings = {
				ASSETCATALOG_COMPILER_APPICON_NAME = AppIcon;
				ASSETCATALOG_COMPILER_GLOBAL_ACCENT_COLOR_NAME = AccentColor;
				CODE_SIGN_STYLE = Automatic;
				CURRENT_PROJECT_VERSION = 1;
				DEVELOPMENT_TEAM = UPWXFVVHLN;
				GENERATE_INFOPLIST_FILE = YES;
				INFOPLIST_FILE = RxWeather/Info.plist;
				INFOPLIST_KEY_UIApplicationSupportsIndirectInputEvents = YES;
				INFOPLIST_KEY_UILaunchStoryboardName = LaunchScreen.storyboard;
				INFOPLIST_KEY_UISupportedInterfaceOrientations_iPad = "UIInterfaceOrientationPortrait UIInterfaceOrientationPortraitUpsideDown UIInterfaceOrientationLandscapeLeft UIInterfaceOrientationLandscapeRight";
				INFOPLIST_KEY_UISupportedInterfaceOrientations_iPhone = "UIInterfaceOrientationPortrait UIInterfaceOrientationLandscapeLeft UIInterfaceOrientationLandscapeRight";
				IPHONEOS_DEPLOYMENT_TARGET = 16.3;
				LD_RUNPATH_SEARCH_PATHS = (
					"$(inherited)",
					"@executable_path/Frameworks",
				);
				MARKETING_VERSION = 1.0;
				PRODUCT_BUNDLE_IDENTIFIER = com.Pavlo.Snizhko.RxWeather;
				PRODUCT_NAME = "$(TARGET_NAME)";
				SWIFT_EMIT_LOC_STRINGS = YES;
				SWIFT_VERSION = 5.0;
				TARGETED_DEVICE_FAMILY = "1,2";
			};
			name = Debug;
		};
		E827DFD82A1912FC00AA107B /* Release */ = {
			isa = XCBuildConfiguration;
			buildSettings = {
				ASSETCATALOG_COMPILER_APPICON_NAME = AppIcon;
				ASSETCATALOG_COMPILER_GLOBAL_ACCENT_COLOR_NAME = AccentColor;
				CODE_SIGN_STYLE = Automatic;
				CURRENT_PROJECT_VERSION = 1;
				DEVELOPMENT_TEAM = UPWXFVVHLN;
				GENERATE_INFOPLIST_FILE = YES;
				INFOPLIST_FILE = RxWeather/Info.plist;
				INFOPLIST_KEY_UIApplicationSupportsIndirectInputEvents = YES;
				INFOPLIST_KEY_UILaunchStoryboardName = LaunchScreen.storyboard;
				INFOPLIST_KEY_UISupportedInterfaceOrientations_iPad = "UIInterfaceOrientationPortrait UIInterfaceOrientationPortraitUpsideDown UIInterfaceOrientationLandscapeLeft UIInterfaceOrientationLandscapeRight";
				INFOPLIST_KEY_UISupportedInterfaceOrientations_iPhone = "UIInterfaceOrientationPortrait UIInterfaceOrientationLandscapeLeft UIInterfaceOrientationLandscapeRight";
				IPHONEOS_DEPLOYMENT_TARGET = 16.3;
				LD_RUNPATH_SEARCH_PATHS = (
					"$(inherited)",
					"@executable_path/Frameworks",
				);
				MARKETING_VERSION = 1.0;
				PRODUCT_BUNDLE_IDENTIFIER = com.Pavlo.Snizhko.RxWeather;
				PRODUCT_NAME = "$(TARGET_NAME)";
				SWIFT_EMIT_LOC_STRINGS = YES;
				SWIFT_VERSION = 5.0;
				TARGETED_DEVICE_FAMILY = "1,2";
			};
			name = Release;
		};
/* End XCBuildConfiguration section */

/* Begin XCConfigurationList section */
		E827DFBD2A1912FA00AA107B /* Build configuration list for PBXProject "RxWeather" */ = {
			isa = XCConfigurationList;
			buildConfigurations = (
				E827DFD42A1912FC00AA107B /* Debug */,
				E827DFD52A1912FC00AA107B /* Release */,
			);
			defaultConfigurationIsVisible = 0;
			defaultConfigurationName = Release;
		};
		E827DFD62A1912FC00AA107B /* Build configuration list for PBXNativeTarget "RxWeather" */ = {
			isa = XCConfigurationList;
			buildConfigurations = (
				E827DFD72A1912FC00AA107B /* Debug */,
				E827DFD82A1912FC00AA107B /* Release */,
			);
			defaultConfigurationIsVisible = 0;
			defaultConfigurationName = Release;
		};
/* End XCConfigurationList section */

/* Begin XCRemoteSwiftPackageReference section */
		E827E1522A1F155700AA107B /* XCRemoteSwiftPackageReference "RxSwift" */ = {
			isa = XCRemoteSwiftPackageReference;
			repositoryURL = "https://github.com/ReactiveX/RxSwift";
			requirement = {
				kind = upToNextMajorVersion;
				minimumVersion = 6.0.0;
			};
		};
		E8B27AA22A20CCD900A8860B /* XCRemoteSwiftPackageReference "Nuke" */ = {
			isa = XCRemoteSwiftPackageReference;
			repositoryURL = "https://github.com/kean/Nuke.git";
			requirement = {
				kind = upToNextMajorVersion;
				minimumVersion = 12.0.0;
			};
		};
/* End XCRemoteSwiftPackageReference section */

/* Begin XCSwiftPackageProductDependency section */
		E827E1532A1F155700AA107B /* RxCocoa */ = {
			isa = XCSwiftPackageProductDependency;
			package = E827E1522A1F155700AA107B /* XCRemoteSwiftPackageReference "RxSwift" */;
			productName = RxCocoa;
		};
		E827E1552A1F155700AA107B /* RxRelay */ = {
			isa = XCSwiftPackageProductDependency;
			package = E827E1522A1F155700AA107B /* XCRemoteSwiftPackageReference "RxSwift" */;
			productName = RxRelay;
		};
		E827E1572A1F155800AA107B /* RxSwift */ = {
			isa = XCSwiftPackageProductDependency;
			package = E827E1522A1F155700AA107B /* XCRemoteSwiftPackageReference "RxSwift" */;
			productName = RxSwift;
		};
		E8B27AA32A20CCD900A8860B /* Nuke */ = {
			isa = XCSwiftPackageProductDependency;
			package = E8B27AA22A20CCD900A8860B /* XCRemoteSwiftPackageReference "Nuke" */;
			productName = Nuke;
		};
/* End XCSwiftPackageProductDependency section */
	};
	rootObject = E827DFBA2A1912FA00AA107B /* Project object */;
}
